
Microsoft Visual Studio Solution File, Format Version 12.00
# Visual Studio 15
VisualStudioVersion = 15.0.26228.13
MinimumVisualStudioVersion = 10.0.40219.1
Project("{9A19103F-16F7-4668-BE54-9A1E7A4F7556}") = "netcore-redis-app", "netcore-redis-app\netcore-redis-app.csproj", "{B8A16711-3426-492D-8A6A-358333F3495B}"
EndProject
Project("{9A19103F-16F7-4668-BE54-9A1E7A4F7556}") = "netcore-redis-app-tests", "netcore-redis-app-tests\netcore-redis-app-tests.csproj", "{FC10F157-364D-4E2D-842C-952E36FA02F0}"
EndProject
Global
	GlobalSection(SolutionConfigurationPlatforms) = preSolution
		Debug|Any CPU = Debug|Any CPU
		Release|Any CPU = Release|Any CPU
	EndGlobalSection
	GlobalSection(ProjectConfigurationPlatforms) = postSolution
		{B8A16711-3426-492D-8A6A-358333F3495B}.Debug|Any CPU.ActiveCfg = Debug|Any CPU
		{B8A16711-3426-492D-8A6A-358333F3495B}.Debug|Any CPU.Build.0 = Debug|Any CPU
		{B8A16711-3426-492D-8A6A-358333F3495B}.Release|Any CPU.ActiveCfg = Release|Any CPU
		{B8A16711-3426-492D-8A6A-358333F3495B}.Release|Any CPU.Build.0 = Release|Any CPU
		{FC10F157-364D-4E2D-842C-952E36FA02F0}.Debug|Any CPU.ActiveCfg = Debug|Any CPU
		{FC10F157-364D-4E2D-842C-952E36FA02F0}.Debug|Any CPU.Build.0 = Debug|Any CPU
		{FC10F157-364D-4E2D-842C-952E36FA02F0}.Release|Any CPU.ActiveCfg = Release|Any CPU
		{FC10F157-364D-4E2D-842C-952E36FA02F0}.Release|Any CPU.Build.0 = Release|Any CPU
	EndGlobalSection
	GlobalSection(SolutionProperties) = preSolution
		HideSolutionNode = FALSE
	EndGlobalSection
EndGlobal
